
Microsoft Visual Studio Solution File, Format Version 11.00
# Visual Studio 2010
Project("{FAE04EC0-301F-11D3-BF4B-00C04F79EFBC}") = "NamespaceTekrar", "NamespaceTekrar\NamespaceTekrar.csproj", "{89200264-6F4C-4D9C-8F13-058A8044ED9D}"
EndProject
Global
	GlobalSection(SolutionConfigurationPlatforms) = preSolution
		Debug|x86 = Debug|x86
		Release|x86 = Release|x86
	EndGlobalSection
	GlobalSection(ProjectConfigurationPlatforms) = postSolution
		{89200264-6F4C-4D9C-8F13-058A8044ED9D}.Debug|x86.ActiveCfg = Debug|x86
		{89200264-6F4C-4D9C-8F13-058A8044ED9D}.Debug|x86.Build.0 = Debug|x86
		{89200264-6F4C-4D9C-8F13-058A8044ED9D}.Release|x86.ActiveCfg = Release|x86
		{89200264-6F4C-4D9C-8F13-058A8044ED9D}.Release|x86.Build.0 = Release|x86
	EndGlobalSection
	GlobalSection(SolutionProperties) = preSolution
		HideSolutionNode = FALSE
	EndGlobalSection
EndGlobal
